
Microsoft Visual Studio Solution File, Format Version 12.00
# Visual Studio Version 17
VisualStudioVersion = 17.3.32819.101
MinimumVisualStudioVersion = 10.0.40219.1
Project("{FAE04EC0-301F-11D3-BF4B-00C04F79EFBC}") = "OOP-project", "OOP-project.csproj", "{F4F5ADC2-6073-4416-AA42-CDFB36E138BB}"
EndProject
Global
	GlobalSection(SolutionConfigurationPlatforms) = preSolution
		Debug|Any CPU = Debug|Any CPU
		Release|Any CPU = Release|Any CPU
	EndGlobalSection
	GlobalSection(ProjectConfigurationPlatforms) = postSolution
		{F4F5ADC2-6073-4416-AA42-CDFB36E138BB}.Debug|Any CPU.ActiveCfg = Debug|Any CPU
		{F4F5ADC2-6073-4416-AA42-CDFB36E138BB}.Debug|Any CPU.Build.0 = Debug|Any CPU
		{F4F5ADC2-6073-4416-AA42-CDFB36E138BB}.Release|Any CPU.ActiveCfg = Release|Any CPU
		{F4F5ADC2-6073-4416-AA42-CDFB36E138BB}.Release|Any CPU.Build.0 = Release|Any CPU
	EndGlobalSection
	GlobalSection(SolutionProperties) = preSolution
		HideSolutionNode = FALSE
	EndGlobalSection
	GlobalSection(ExtensibilityGlobals) = postSolution
		SolutionGuid = {B0E173C3-5195-4788-B4B3-0F6FC5F9CF12}
	EndGlobalSection
EndGlobal
